name: Canonical Lock (Canonical)

on:
  workflow_dispatch:

jobs:
  canonical-lock:
    runs-on: ubuntu-latest

    steps:
      - name: Checkout repo
        uses: actions/checkout@v4

      - name: Setup Node
        uses: actions/setup-node@v4
        with:
          node-version: 20

      - name: Install dependencies
        run: npm install --no-fund --no-audit

      - name: Run Canonical Lock
        run: node scripts/canonical/lock.js
        env:
          NOTION_TOKEN: ${{ secrets.NOTION_TOKEN }}
          CORE_DB: ${{ secrets.CORE_DB }}
